
Microsoft Visual Studio Solution File, Format Version 12.00
# Visual Studio Version 17
VisualStudioVersion = 17.8.34316.72
MinimumVisualStudioVersion = 10.0.40219.1
Project("{FAE04EC0-301F-11D3-BF4B-00C04F79EFBC}") = "VolvoThirdHomework", "VolvoThirdHomework\VolvoThirdHomework.csproj", "{FF41A1C9-7679-4E05-A91C-DB9A1056446C}"
EndProject
Global
	GlobalSection(SolutionConfigurationPlatforms) = preSolution
		Debug|Any CPU = Debug|Any CPU
		Release|Any CPU = Release|Any CPU
	EndGlobalSection
	GlobalSection(ProjectConfigurationPlatforms) = postSolution
		{FF41A1C9-7679-4E05-A91C-DB9A1056446C}.Debug|Any CPU.ActiveCfg = Debug|Any CPU
		{FF41A1C9-7679-4E05-A91C-DB9A1056446C}.Debug|Any CPU.Build.0 = Debug|Any CPU
		{FF41A1C9-7679-4E05-A91C-DB9A1056446C}.Release|Any CPU.ActiveCfg = Release|Any CPU
		{FF41A1C9-7679-4E05-A91C-DB9A1056446C}.Release|Any CPU.Build.0 = Release|Any CPU
	EndGlobalSection
	GlobalSection(SolutionProperties) = preSolution
		HideSolutionNode = FALSE
	EndGlobalSection
	GlobalSection(ExtensibilityGlobals) = postSolution
		SolutionGuid = {7DBA33F1-EFD0-4A30-8BBA-E6FA84A7E953}
	EndGlobalSection
EndGlobal
